
Microsoft Visual Studio Solution File, Format Version 11.00
# Visual Studio 2010
Project("{FAE04EC0-301F-11D3-BF4B-00C04F79EFBC}") = "Assembly-CSharp", "Assembly-CSharp.csproj", "{fe7551aa-b294-34d6-e496-03b9449e8bf8}"
EndProject
Project("{FAE04EC0-301F-11D3-BF4B-00C04F79EFBC}") = "ARPUBG", "ARPUBG.csproj", "{0ec044cc-4a65-11e9-4826-3a051ef80acf}"
EndProject
Project("{FAE04EC0-301F-11D3-BF4B-00C04F79EFBC}") = "Tests", "Tests.csproj", "{efe9ce1e-48bb-cb8d-928e-18bbc1755682}"
EndProject
Global
	GlobalSection(SolutionConfigurationPlatforms) = preSolution
		Debug|Any CPU = Debug|Any CPU
	EndGlobalSection
	GlobalSection(ProjectConfigurationPlatforms) = postSolution
		{fe7551aa-b294-34d6-e496-03b9449e8bf8}.Debug|Any CPU.ActiveCfg = Debug|Any CPU
		{fe7551aa-b294-34d6-e496-03b9449e8bf8}.Debug|Any CPU.Build.0 = Debug|Any CPU
		{0ec044cc-4a65-11e9-4826-3a051ef80acf}.Debug|Any CPU.ActiveCfg = Debug|Any CPU
		{0ec044cc-4a65-11e9-4826-3a051ef80acf}.Debug|Any CPU.Build.0 = Debug|Any CPU
		{efe9ce1e-48bb-cb8d-928e-18bbc1755682}.Debug|Any CPU.ActiveCfg = Debug|Any CPU
		{efe9ce1e-48bb-cb8d-928e-18bbc1755682}.Debug|Any CPU.Build.0 = Debug|Any CPU
	EndGlobalSection
	GlobalSection(SolutionProperties) = preSolution
		HideSolutionNode = FALSE
	EndGlobalSection
EndGlobal
